{
    "_readme": [
        "This file locks the dependencies of your project to a known state",
        "Read more about it at https://getcomposer.org/doc/01-basic-usage.md#installing-dependencies",
        "This file is @generated automatically"
    ],
    "content-hash": "863938ec76b8afa63ec2f25d3835896c",
    "packages": [
        {
            "name": "sebastian/csv-parser",
            "version": "2.0.0",
            "source": {
                "type": "git",
                "url": "https://github.com/sebastianbergmann/csv-parser.git",
                "reference": "c3e5e7085019ba05a6ea0aaa43f987762864ae6f"
            },
            "dist": {
                "type": "zip",
                "url": "https://api.github.com/repos/sebastianbergmann/csv-parser/zipball/c3e5e7085019ba05a6ea0aaa43f987762864ae6f",
                "reference": "c3e5e7085019ba05a6ea0aaa43f987762864ae6f",
                "shasum": ""
            },
            "require": {
                "php": ">=8.4"
            },
            "type": "library",
            "extra": {
                "branch-alias": {
                    "dev-main": "2.0-dev"
                }
            },
            "autoload": {
                "classmap": [
                    "src/"
                ]
            },
            "notification-url": "https://packagist.org/downloads/",
            "license": [
                "BSD-3-Clause"
            ],
            "authors": [
                {
                    "name": "Sebastian Bergmann",
                    "email": "sebastian@phpunit.de",
                    "role": "lead"
                }
            ],
            "description": "Library for type-safe parsing of CSV files",
            "homepage": "https://github.com/sebastianbergmann/csv-parser",
            "support": {
                "issues": "https://github.com/sebastianbergmann/csv-parser/issues",
                "security": "https://github.com/sebastianbergmann/csv-parser/security/policy",
                "source": "https://github.com/sebastianbergmann/csv-parser/tree/2.0.0"
            },
            "funding": [
                {
                    "url": "https://github.com/sebastianbergmann",
                    "type": "github"
                },
                {
                    "url": "https://liberapay.com/sebastianbergmann",
                    "type": "liberapay"
                },
                {
                    "url": "https://thanks.dev/u/gh/sebastianbergmann",
                    "type": "thanks_dev"
                }
            ],
            "time": "2025-05-14T06:23:39+00:00"
        },
        {
            "name": "sebastian/mysqli-wrapper",
            "version": "2.0.0",
            "source": {
                "type": "git",
                "url": "https://github.com/sebastianbergmann/mysqli-wrapper.git",
                "reference": "8c261afb1bb3b0f1a18b2a575df0b21193031588"
            },
            "dist": {
                "type": "zip",
                "url": "https://api.github.com/repos/sebastianbergmann/mysqli-wrapper/zipball/8c261afb1bb3b0f1a18b2a575df0b21193031588",
                "reference": "8c261afb1bb3b0f1a18b2a575df0b21193031588",
                "shasum": ""
            },
            "require": {
                "ext-mysqli": "*",
                "php": ">=8.4",
                "sebastian/csv-parser": "^2.0"
            },
            "type": "library",
            "extra": {
                "branch-alias": {
                    "dev-main": "2.0-dev"
                }
            },
            "autoload": {
                "classmap": [
                    "src/"
                ]
            },
            "notification-url": "https://packagist.org/downloads/",
            "license": [
                "BSD-3-Clause"
            ],
            "authors": [
                {
                    "name": "Sebastian Bergmann",
                    "email": "sebastian@phpunit.de",
                    "role": "lead"
                }
            ],
            "description": "Wrapper around PHP's mysqli extension",
            "homepage": "https://github.com/sebastianbergmann/mysqli-wrapper",
            "keywords": [
                "mariadb",
                "mysql",
                "mysqli"
            ],
            "support": {
                "issues": "https://github.com/sebastianbergmann/mysqli-wrapper/issues",
                "source": "https://github.com/sebastianbergmann/mysqli-wrapper/tree/2.0.0"
            },
            "funding": [
                {
                    "url": "https://github.com/sebastianbergmann",
                    "type": "github"
                },
                {
                    "url": "https://liberapay.com/sebastianbergmann",
                    "type": "liberapay"
                },
                {
                    "url": "https://thanks.dev/u/gh/sebastianbergmann",
                    "type": "thanks_dev"
                }
            ],
            "time": "2025-05-14T06:32:42+00:00"
        },
        {
            "name": "sebastian/uuid",
            "version": "1.0.2",
            "source": {
                "type": "git",
                "url": "https://github.com/sebastianbergmann/uuid.git",
                "reference": "c9ac75325257e3b6edf03f95b6edf3a4473d915f"
            },
            "dist": {
                "type": "zip",
                "url": "https://api.github.com/repos/sebastianbergmann/uuid/zipball/c9ac75325257e3b6edf03f95b6edf3a4473d915f",
                "reference": "c9ac75325257e3b6edf03f95b6edf3a4473d915f",
                "shasum": ""
            },
            "require": {
                "php": ">=8.1"
            },
            "require-dev": {
                "phpunit/phpunit": "^10.0"
            },
            "type": "library",
            "extra": {
                "branch-alias": {
                    "dev-master": "1.0-dev"
                }
            },
            "autoload": {
                "files": [
                    "src/uuid.php"
                ]
            },
            "notification-url": "https://packagist.org/downloads/",
            "license": [
                "BSD-3-Clause"
            ],
            "authors": [
                {
                    "name": "Sebastian Bergmann",
                    "email": "sebastian@phpunit.de",
                    "role": "lead"
                }
            ],
            "description": "Function for generating a UUID (as string)",
            "homepage": "https://github.com/sebastianbergmann/uuid",
            "keywords": [
                "uuid"
            ],
            "support": {
                "issues": "https://github.com/sebastianbergmann/uuid/issues",
                "source": "https://github.com/sebastianbergmann/uuid/tree/1.0.2"
            },
            "funding": [
                {
                    "url": "https://github.com/sebastianbergmann",
                    "type": "github"
                }
            ],
            "time": "2024-07-13T14:04:56+00:00"
        }
    ],
    "packages-dev": [
        {
            "name": "giorgiosironi/eris",
            "version": "1.0.0",
            "source": {
                "type": "git",
                "url": "https://github.com/giorgiosironi/eris.git",
                "reference": "ffc757f08710b2b8fb1b30cff7b1cf48f5aba11d"
            },
            "dist": {
                "type": "zip",
                "url": "https://api.github.com/repos/giorgiosironi/eris/zipball/ffc757f08710b2b8fb1b30cff7b1cf48f5aba11d",
                "reference": "ffc757f08710b2b8fb1b30cff7b1cf48f5aba11d",
                "shasum": ""
            },
            "require": {
                "php": "^8.1"
            },
            "require-dev": {
                "friendsofphp/php-cs-fixer": "^3.0",
                "ilario-pierbattista/reverse-regex": "^0.4.0",
                "phpstan/phpstan": "^1.10",
                "phpunit/phpunit": "^10.0.4",
                "psalm/phar": "^5.4",
                "rector/rector": "^0.18",
                "sebastian/comparator": ">=2.1.3"
            },
            "suggest": {
                "icomefromthenet/reverse-regex": "v0.0.6.3 for the regex() Generator",
                "ilario-pierbattista/reverse-regex": "0.3.1 for the regex() Generator (alternative to icomefromthenet/reverse-regex) ",
                "phpunit/phpunit": "Standard way to run generated test cases"
            },
            "type": "library",
            "autoload": {
                "files": [
                    "src/Generator/functions.php"
                ],
                "psr-4": {
                    "Eris\\": "src/"
                }
            },
            "notification-url": "https://packagist.org/downloads/",
            "license": [
                "MIT"
            ],
            "authors": [
                {
                    "name": "Giorgio Sironi",
                    "email": "info@giorgiosironi.com"
                },
                {
                    "name": "Mirko Bonadei",
                    "email": "mirko.bonadei@gmail.com"
                },
                {
                    "name": "Gabriele Lana",
                    "email": "gabriele.lana@gmail.com"
                }
            ],
            "description": "PHP library for property-based testing. Integrates with PHPUnit.",
            "support": {
                "issues": "https://github.com/giorgiosironi/eris/issues",
                "source": "https://github.com/giorgiosironi/eris/tree/1.0.0"
            },
            "time": "2024-12-07T08:21:20+00:00"
        }
    ],
    "aliases": [],
    "minimum-stability": "stable",
    "stability-flags": {},
    "prefer-stable": false,
    "prefer-lowest": false,
    "platform": {
        "php": ">=8.5",
        "ext-intl": "*",
        "ext-mysqli": "*"
    },
    "platform-dev": {},
    "platform-overrides": {
        "php": "8.5.1"
    },
    "plugin-api-version": "2.9.0"
}
